
Microsoft Visual Studio Solution File, Format Version 12.00
# Visual Studio Version 16
VisualStudioVersion = 16.0.31105.61
MinimumVisualStudioVersion = 10.0.40219.1
Project("{FAE04EC0-301F-11D3-BF4B-00C04F79EFBC}") = "CinelAirlines", "CinelAirlines\CinelAirlines.csproj", "{A5FBEB07-4EA8-4582-804A-DA8A2C45EDA5}"
EndProject
Project("{FAE04EC0-301F-11D3-BF4B-00C04F79EFBC}") = "LibraryCinelAirlines", "LibraryCinelAirlines\LibraryCinelAirlines.csproj", "{60DC3875-15B4-4FA5-8391-B1DF8F36DD64}"
EndProject
Global
	GlobalSection(SolutionConfigurationPlatforms) = preSolution
		Debug|Any CPU = Debug|Any CPU
		Release|Any CPU = Release|Any CPU
	EndGlobalSection
	GlobalSection(ProjectConfigurationPlatforms) = postSolution
		{A5FBEB07-4EA8-4582-804A-DA8A2C45EDA5}.Debug|Any CPU.ActiveCfg = Debug|Any CPU
		{A5FBEB07-4EA8-4582-804A-DA8A2C45EDA5}.Debug|Any CPU.Build.0 = Debug|Any CPU
		{A5FBEB07-4EA8-4582-804A-DA8A2C45EDA5}.Release|Any CPU.ActiveCfg = Release|Any CPU
		{A5FBEB07-4EA8-4582-804A-DA8A2C45EDA5}.Release|Any CPU.Build.0 = Release|Any CPU
		{60DC3875-15B4-4FA5-8391-B1DF8F36DD64}.Debug|Any CPU.ActiveCfg = Debug|Any CPU
		{60DC3875-15B4-4FA5-8391-B1DF8F36DD64}.Debug|Any CPU.Build.0 = Debug|Any CPU
		{60DC3875-15B4-4FA5-8391-B1DF8F36DD64}.Release|Any CPU.ActiveCfg = Release|Any CPU
		{60DC3875-15B4-4FA5-8391-B1DF8F36DD64}.Release|Any CPU.Build.0 = Release|Any CPU
	EndGlobalSection
	GlobalSection(SolutionProperties) = preSolution
		HideSolutionNode = FALSE
	EndGlobalSection
	GlobalSection(ExtensibilityGlobals) = postSolution
		SolutionGuid = {8349632F-9E7A-4FFC-919F-8551005DCECF}
	EndGlobalSection
EndGlobal
